// !$*UTF8*$!
{
	archiveVersion = 1;
	classes = {
	};
	objectVersion = 50;
	objects = {

/* Begin PBXBuildFile section */
		042C2462262DB44700B443DC /* Tip.swift in Sources */ = {isa = PBXBuildFile; fileRef = 042C2461262DB44700B443DC /* Tip.swift */; };
		042C2464262DB61800B443DC /* TipsView.swift in Sources */ = {isa = PBXBuildFile; fileRef = 042C2463262DB61800B443DC /* TipsView.swift */; };
		049AEAA6262C8CDB004C464D /*  Locations.swift in Sources */ = {isa = PBXBuildFile; fileRef = 049AEAA5262C8CDB004C464D /*  Locations.swift */; };
		049AEAA8262C96C6004C464D /* WorldView.swift in Sources */ = {isa = PBXBuildFile; fileRef = 049AEAA7262C96C6004C464D /* WorldView.swift */; };
		04A4F6A6262B2DDF00B0126D /* TrakeApp.swift in Sources */ = {isa = PBXBuildFile; fileRef = 04A4F6A5262B2DDF00B0126D /* TrakeApp.swift */; };
		04A4F6A8262B2DDF00B0126D /* ContentView.swift in Sources */ = {isa = PBXBuildFile; fileRef = 04A4F6A7262B2DDF00B0126D /* ContentView.swift */; };
		04A4F6AA262B2DE000B0126D /* Assets.xcassets in Resources */ = {isa = PBXBuildFile; fileRef = 04A4F6A9262B2DE000B0126D /* Assets.xcassets */; };
		04A4F6AD262B2DE000B0126D /* Preview Assets.xcassets in Resources */ = {isa = PBXBuildFile; fileRef = 04A4F6AC262B2DE000B0126D /* Preview Assets.xcassets */; };
		04A4F6B8262B2DE100B0126D /* TrakeTests.swift in Sources */ = {isa = PBXBuildFile; fileRef = 04A4F6B7262B2DE100B0126D /* TrakeTests.swift */; };
		04A4F6C3262B2DE100B0126D /* TrakeUITests.swift in Sources */ = {isa = PBXBuildFile; fileRef = 04A4F6C2262B2DE100B0126D /* TrakeUITests.swift */; };
		04A4F6D2262B332900B0126D /* tips.json in Resources */ = {isa = PBXBuildFile; fileRef = 04A4F6D0262B332900B0126D /* tips.json */; };
		04A4F6D3262B332900B0126D /* locations.json in Resources */ = {isa = PBXBuildFile; fileRef = 04A4F6D1262B332900B0126D /* locations.json */; };
		04A4F6D5262B832400B0126D /* Location.swift in Sources */ = {isa = PBXBuildFile; fileRef = 04A4F6D4262B832400B0126D /* Location.swift */; };
/* End PBXBuildFile section */

/* Begin PBXContainerItemProxy section */
		04A4F6B4262B2DE100B0126D /* PBXContainerItemProxy */ = {
			isa = PBXContainerItemProxy;
			containerPortal = 04A4F69A262B2DDF00B0126D /* Project object */;
			proxyType = 1;
			remoteGlobalIDString = 04A4F6A1262B2DDF00B0126D;
			remoteInfo = Trake;
		};
		04A4F6BF262B2DE100B0126D /* PBXContainerItemProxy */ = {
			isa = PBXContainerItemProxy;
			containerPortal = 04A4F69A262B2DDF00B0126D /* Project object */;
			proxyType = 1;
			remoteGlobalIDString = 04A4F6A1262B2DDF00B0126D;
			remoteInfo = Trake;
		};
/* End PBXContainerItemProxy section */

/* Begin PBXFileReference section */
		042C2461262DB44700B443DC /* Tip.swift */ = {isa = PBXFileReference; lastKnownFileType = sourcecode.swift; path = Tip.swift; sourceTree = "<group>"; };
		042C2463262DB61800B443DC /* TipsView.swift */ = {isa = PBXFileReference; lastKnownFileType = sourcecode.swift; path = TipsView.swift; sourceTree = "<group>"; };
		049AEAA5262C8CDB004C464D /*  Locations.swift */ = {isa = PBXFileReference; lastKnownFileType = sourcecode.swift; path = " Locations.swift"; sourceTree = "<group>"; };
		049AEAA7262C96C6004C464D /* WorldView.swift */ = {isa = PBXFileReference; lastKnownFileType = sourcecode.swift; path = WorldView.swift; sourceTree = "<group>"; };
		04A4F6A2262B2DDF00B0126D /* Trake.app */ = {isa = PBXFileReference; explicitFileType = wrapper.application; includeInIndex = 0; path = Trake.app; sourceTree = BUILT_PRODUCTS_DIR; };
		04A4F6A5262B2DDF00B0126D /* TrakeApp.swift */ = {isa = PBXFileReference; lastKnownFileType = sourcecode.swift; path = TrakeApp.swift; sourceTree = "<group>"; };
		04A4F6A7262B2DDF00B0126D /* ContentView.swift */ = {isa = PBXFileReference; lastKnownFileType = sourcecode.swift; path = ContentView.swift; sourceTree = "<group>"; };
		04A4F6A9262B2DE000B0126D /* Assets.xcassets */ = {isa = PBXFileReference; lastKnownFileType = folder.assetcatalog; path = Assets.xcassets; sourceTree = "<group>"; };
		04A4F6AC262B2DE000B0126D /* Preview Assets.xcassets */ = {isa = PBXFileReference; lastKnownFileType = folder.assetcatalog; path = "Preview Assets.xcassets"; sourceTree = "<group>"; };
		04A4F6AE262B2DE000B0126D /* Info.plist */ = {isa = PBXFileReference; lastKnownFileType = text.plist.xml; path = Info.plist; sourceTree = "<group>"; };
		04A4F6B3262B2DE100B0126D /* TrakeTests.xctest */ = {isa = PBXFileReference; explicitFileType = wrapper.cfbundle; includeInIndex = 0; path = TrakeTests.xctest; sourceTree = BUILT_PRODUCTS_DIR; };
		04A4F6B7262B2DE100B0126D /* TrakeTests.swift */ = {isa = PBXFileReference; lastKnownFileType = sourcecode.swift; path = TrakeTests.swift; sourceTree = "<group>"; };
		04A4F6B9262B2DE100B0126D /* Info.plist */ = {isa = PBXFileReference; lastKnownFileType = text.plist.xml; path = Info.plist; sourceTree = "<group>"; };
		04A4F6BE262B2DE100B0126D /* TrakeUITests.xctest */ = {isa = PBXFileReference; explicitFileType = wrapper.cfbundle; includeInIndex = 0; path = TrakeUITests.xctest; sourceTree = BUILT_PRODUCTS_DIR; };
		04A4F6C2262B2DE100B0126D /* TrakeUITests.swift */ = {isa = PBXFileReference; lastKnownFileType = sourcecode.swift; path = TrakeUITests.swift; sourceTree = "<group>"; };
		04A4F6C4262B2DE100B0126D /* Info.plist */ = {isa = PBXFileReference; lastKnownFileType = text.plist.xml; path = Info.plist; sourceTree = "<group>"; };
		04A4F6D0262B332900B0126D /* tips.json */ = {isa = PBXFileReference; fileEncoding = 4; lastKnownFileType = text.json; path = tips.json; sourceTree = "<group>"; };
		04A4F6D1262B332900B0126D /* locations.json */ = {isa = PBXFileReference; fileEncoding = 4; lastKnownFileType = text.json; path = locations.json; sourceTree = "<group>"; };
		04A4F6D4262B832400B0126D /* Location.swift */ = {isa = PBXFileReference; lastKnownFileType = sourcecode.swift; path = Location.swift; sourceTree = "<group>"; };
/* End PBXFileReference section */

/* Begin PBXFrameworksBuildPhase section */
		04A4F69F262B2DDF00B0126D /* Frameworks */ = {
			isa = PBXFrameworksBuildPhase;
			buildActionMask = 2147483647;
			files = (
			);
			runOnlyForDeploymentPostprocessing = 0;
		};
		04A4F6B0262B2DE100B0126D /* Frameworks */ = {
			isa = PBXFrameworksBuildPhase;
			buildActionMask = 2147483647;
			files = (
			);
			runOnlyForDeploymentPostprocessing = 0;
		};
		04A4F6BB262B2DE100B0126D /* Frameworks */ = {
			isa = PBXFrameworksBuildPhase;
			buildActionMask = 2147483647;
			files = (
			);
			runOnlyForDeploymentPostprocessing = 0;
		};
/* End PBXFrameworksBuildPhase section */

/* Begin PBXGroup section */
		04A4F699262B2DDF00B0126D = {
			isa = PBXGroup;
			children = (
				04A4F6A4262B2DDF00B0126D /* Trake */,
				04A4F6B6262B2DE100B0126D /* TrakeTests */,
				04A4F6C1262B2DE100B0126D /* TrakeUITests */,
				04A4F6A3262B2DDF00B0126D /* Products */,
			);
			sourceTree = "<group>";
		};
		04A4F6A3262B2DDF00B0126D /* Products */ = {
			isa = PBXGroup;
			children = (
				04A4F6A2262B2DDF00B0126D /* Trake.app */,
				04A4F6B3262B2DE100B0126D /* TrakeTests.xctest */,
				04A4F6BE262B2DE100B0126D /* TrakeUITests.xctest */,
			);
			name = Products;
			sourceTree = "<group>";
		};
		04A4F6A4262B2DDF00B0126D /* Trake */ = {
			isa = PBXGroup;
			children = (
				04A4F6A5262B2DDF00B0126D /* TrakeApp.swift */,
				049AEAA7262C96C6004C464D /* WorldView.swift */,
				042C2461262DB44700B443DC /* Tip.swift */,
				04A4F6A7262B2DDF00B0126D /* ContentView.swift */,
				049AEAA5262C8CDB004C464D /*  Locations.swift */,
				04A4F6D4262B832400B0126D /* Location.swift */,
				04A4F6D1262B332900B0126D /* locations.json */,
				04A4F6D0262B332900B0126D /* tips.json */,
				042C2463262DB61800B443DC /* TipsView.swift */,
				04A4F6A9262B2DE000B0126D /* Assets.xcassets */,
				04A4F6AE262B2DE000B0126D /* Info.plist */,
				04A4F6AB262B2DE000B0126D /* Preview Content */,
			);
			path = Trake;
			sourceTree = "<group>";
		};
		04A4F6AB262B2DE000B0126D /* Preview Content */ = {
			isa = PBXGroup;
			children = (
				04A4F6AC262B2DE000B0126D /* Preview Assets.xcassets */,
			);
			path = "Preview Content";
			sourceTree = "<group>";
		};
		04A4F6B6262B2DE100B0126D /* TrakeTests */ = {
			isa = PBXGroup;
			children = (
				04A4F6B7262B2DE100B0126D /* TrakeTests.swift */,
				04A4F6B9262B2DE100B0126D /* Info.plist */,
			);
			path = TrakeTests;
			sourceTree = "<group>";
		};
		04A4F6C1262B2DE100B0126D /* TrakeUITests */ = {
			isa = PBXGroup;
			children = (
				04A4F6C2262B2DE100B0126D /* TrakeUITests.swift */,
				04A4F6C4262B2DE100B0126D /* Info.plist */,
			);
			path = TrakeUITests;
			sourceTree = "<group>";
		};
/* End PBXGroup section */

/* Begin PBXNativeTarget section */
		04A4F6A1262B2DDF00B0126D /* Trake */ = {
			isa = PBXNativeTarget;
			buildConfigurationList = 04A4F6C7262B2DE100B0126D /* Build configuration list for PBXNativeTarget "Trake" */;
			buildPhases = (
				04A4F69E262B2DDF00B0126D /* Sources */,
				04A4F69F262B2DDF00B0126D /* Frameworks */,
				04A4F6A0262B2DDF00B0126D /* Resources */,
			);
			buildRules = (
			);
			dependencies = (
			);
			name = Trake;
			productName = Trake;
			productReference = 04A4F6A2262B2DDF00B0126D /* Trake.app */;
			productType = "com.apple.product-type.application";
		};
		04A4F6B2262B2DE100B0126D /* TrakeTests */ = {
			isa = PBXNativeTarget;
			buildConfigurationList = 04A4F6CA262B2DE100B0126D /* Build configuration list for PBXNativeTarget "TrakeTests" */;
			buildPhases = (
				04A4F6AF262B2DE100B0126D /* Sources */,
				04A4F6B0262B2DE100B0126D /* Frameworks */,
				04A4F6B1262B2DE100B0126D /* Resources */,
			);
			buildRules = (
			);
			dependencies = (
				04A4F6B5262B2DE100B0126D /* PBXTargetDependency */,
			);
			name = TrakeTests;
			productName = TrakeTests;
			productReference = 04A4F6B3262B2DE100B0126D /* TrakeTests.xctest */;
			productType = "com.apple.product-type.bundle.unit-test";
		};
		04A4F6BD262B2DE100B0126D /* TrakeUITests */ = {
			isa = PBXNativeTarget;
			buildConfigurationList = 04A4F6CD262B2DE100B0126D /* Build configuration list for PBXNativeTarget "TrakeUITests" */;
			buildPhases = (
				04A4F6BA262B2DE100B0126D /* Sources */,
				04A4F6BB262B2DE100B0126D /* Frameworks */,
				04A4F6BC262B2DE100B0126D /* Resources */,
			);
			buildRules = (
			);
			dependencies = (
				04A4F6C0262B2DE100B0126D /* PBXTargetDependency */,
			);
			name = TrakeUITests;
			productName = TrakeUITests;
			productReference = 04A4F6BE262B2DE100B0126D /* TrakeUITests.xctest */;
			productType = "com.apple.product-type.bundle.ui-testing";
		};
/* End PBXNativeTarget section */

/* Begin PBXProject section */
		04A4F69A262B2DDF00B0126D /* Project object */ = {
			isa = PBXProject;
			attributes = {
				LastSwiftUpdateCheck = 1250;
				LastUpgradeCheck = 1250;
				TargetAttributes = {
					04A4F6A1262B2DDF00B0126D = {
						CreatedOnToolsVersion = 12.5;
					};
					04A4F6B2262B2DE100B0126D = {
						CreatedOnToolsVersion = 12.5;
						TestTargetID = 04A4F6A1262B2DDF00B0126D;
					};
					04A4F6BD262B2DE100B0126D = {
						CreatedOnToolsVersion = 12.5;
						TestTargetID = 04A4F6A1262B2DDF00B0126D;
					};
				};
			};
			buildConfigurationList = 04A4F69D262B2DDF00B0126D /* Build configuration list for PBXProject "Trake" */;
			compatibilityVersion = "Xcode 9.3";
			developmentRegion = en;
			hasScannedForEncodings = 0;
			knownRegions = (
				en,
				Base,
			);
			mainGroup = 04A4F699262B2DDF00B0126D;
			productRefGroup = 04A4F6A3262B2DDF00B0126D /* Products */;
			projectDirPath = "";
			projectRoot = "";
			targets = (
				04A4F6A1262B2DDF00B0126D /* Trake */,
				04A4F6B2262B2DE100B0126D /* TrakeTests */,
				04A4F6BD262B2DE100B0126D /* TrakeUITests */,
			);
		};
/* End PBXProject section */

/* Begin PBXResourcesBuildPhase section */
		04A4F6A0262B2DDF00B0126D /* Resources */ = {
			isa = PBXResourcesBuildPhase;
			buildActionMask = 2147483647;
			files = (
				04A4F6AD262B2DE000B0126D /* Preview Assets.xcassets in Resources */,
				04A4F6AA262B2DE000B0126D /* Assets.xcassets in Resources */,
				04A4F6D3262B332900B0126D /* locations.json in Resources */,
				04A4F6D2262B332900B0126D /* tips.json in Resources */,
			);
			runOnlyForDeploymentPostprocessing = 0;
		};
		04A4F6B1262B2DE100B0126D /* Resources */ = {
			isa = PBXResourcesBuildPhase;
			buildActionMask = 2147483647;
			files = (
			);
			runOnlyForDeploymentPostprocessing = 0;
		};
		04A4F6BC262B2DE100B0126D /* Resources */ = {
			isa = PBXResourcesBuildPhase;
			buildActionMask = 2147483647;
			files = (
			);
			runOnlyForDeploymentPostprocessing = 0;
		};
/* End PBXResourcesBuildPhase section */

/* Begin PBXSourcesBuildPhase section */
		04A4F69E262B2DDF00B0126D /* Sources */ = {
			isa = PBXSourcesBuildPhase;
			buildActionMask = 2147483647;
			files = (
				04A4F6A8262B2DDF00B0126D /* ContentView.swift in Sources */,
				04A4F6D5262B832400B0126D /* Location.swift in Sources */,
				049AEAA8262C96C6004C464D /* WorldView.swift in Sources */,
				042C2462262DB44700B443DC /* Tip.swift in Sources */,
				042C2464262DB61800B443DC /* TipsView.swift in Sources */,
				04A4F6A6262B2DDF00B0126D /* TrakeApp.swift in Sources */,
				049AEAA6262C8CDB004C464D /*  Locations.swift in Sources */,
			);
			runOnlyForDeploymentPostprocessing = 0;
		};
		04A4F6AF262B2DE100B0126D /* Sources */ = {
			isa = PBXSourcesBuildPhase;
			buildActionMask = 2147483647;
			files = (
				04A4F6B8262B2DE100B0126D /* TrakeTests.swift in Sources */,
			);
			runOnlyForDeploymentPostprocessing = 0;
		};
		04A4F6BA262B2DE100B0126D /* Sources */ = {
			isa = PBXSourcesBuildPhase;
			buildActionMask = 2147483647;
			files = (
				04A4F6C3262B2DE100B0126D /* TrakeUITests.swift in Sources */,
			);
			runOnlyForDeploymentPostprocessing = 0;
		};
/* End PBXSourcesBuildPhase section */

/* Begin PBXTargetDependency section */
		04A4F6B5262B2DE100B0126D /* PBXTargetDependency */ = {
			isa = PBXTargetDependency;
			target = 04A4F6A1262B2DDF00B0126D /* Trake */;
			targetProxy = 04A4F6B4262B2DE100B0126D /* PBXContainerItemProxy */;
		};
		04A4F6C0262B2DE100B0126D /* PBXTargetDependency */ = {
			isa = PBXTargetDependency;
			target = 04A4F6A1262B2DDF00B0126D /* Trake */;
			targetProxy = 04A4F6BF262B2DE100B0126D /* PBXContainerItemProxy */;
		};
/* End PBXTargetDependency section */

/* Begin XCBuildConfiguration section */
		04A4F6C5262B2DE100B0126D /* Debug */ = {
			isa = XCBuildConfiguration;
			buildSettings = {
				ALWAYS_SEARCH_USER_PATHS = NO;
				CLANG_ANALYZER_NONNULL = YES;
				CLANG_ANALYZER_NUMBER_OBJECT_CONVERSION = YES_AGGRESSIVE;
				CLANG_CXX_LANGUAGE_STANDARD = "gnu++14";
				CLANG_CXX_LIBRARY = "libc++";
				CLANG_ENABLE_MODULES = YES;
				CLANG_ENABLE_OBJC_ARC = YES;
				CLANG_ENABLE_OBJC_WEAK = YES;
				CLANG_WARN_BLOCK_CAPTURE_AUTORELEASING = YES;
				CLANG_WARN_BOOL_CONVERSION = YES;
				CLANG_WARN_COMMA = YES;
				CLANG_WARN_CONSTANT_CONVERSION = YES;
				CLANG_WARN_DEPRECATED_OBJC_IMPLEMENTATIONS = YES;
				CLANG_WARN_DIRECT_OBJC_ISA_USAGE = YES_ERROR;
				CLANG_WARN_DOCUMENTATION_COMMENTS = YES;
				CLANG_WARN_EMPTY_BODY = YES;
				CLANG_WARN_ENUM_CONVERSION = YES;
				CLANG_WARN_INFINITE_RECURSION = YES;
				CLANG_WARN_INT_CONVERSION = YES;
				CLANG_WARN_NON_LITERAL_NULL_CONVERSION = YES;
				CLANG_WARN_OBJC_IMPLICIT_RETAIN_SELF = YES;
				CLANG_WARN_OBJC_LITERAL_CONVERSION = YES;
				CLANG_WARN_OBJC_ROOT_CLASS = YES_ERROR;
				CLANG_WARN_QUOTED_INCLUDE_IN_FRAMEWORK_HEADER = YES;
				CLANG_WARN_RANGE_LOOP_ANALYSIS = YES;
				CLANG_WARN_STRICT_PROTOTYPES = YES;
				CLANG_WARN_SUSPICIOUS_MOVE = YES;
				CLANG_WARN_UNGUARDED_AVAILABILITY = YES_AGGRESSIVE;
				CLANG_WARN_UNREACHABLE_CODE = YES;
				CLANG_WARN__DUPLICATE_METHOD_MATCH = YES;
				COPY_PHASE_STRIP = NO;
				DEBUG_INFORMATION_FORMAT = dwarf;
				ENABLE_STRICT_OBJC_MSGSEND = YES;
				ENABLE_TESTABILITY = YES;
				GCC_C_LANGUAGE_STANDARD = gnu11;
				GCC_DYNAMIC_NO_PIC = NO;
				GCC_NO_COMMON_BLOCKS = YES;
				GCC_OPTIMIZATION_LEVEL = 0;
				GCC_PREPROCESSOR_DEFINITIONS = (
					"DEBUG=1",
					"$(inherited)",
				);
				GCC_WARN_64_TO_32_BIT_CONVERSION = YES;
				GCC_WARN_ABOUT_RETURN_TYPE = YES_ERROR;
				GCC_WARN_UNDECLARED_SELECTOR = YES;
				GCC_WARN_UNINITIALIZED_AUTOS = YES_AGGRESSIVE;
				GCC_WARN_UNUSED_FUNCTION = YES;
				GCC_WARN_UNUSED_VARIABLE = YES;
				IPHONEOS_DEPLOYMENT_TARGET = 14.5;
				MTL_ENABLE_DEBUG_INFO = INCLUDE_SOURCE;
				MTL_FAST_MATH = YES;
				ONLY_ACTIVE_ARCH = YES;
				SDKROOT = iphoneos;
				SWIFT_ACTIVE_COMPILATION_CONDITIONS = DEBUG;
				SWIFT_OPTIMIZATION_LEVEL = "-Onone";
			};
			name = Debug;
		};
		04A4F6C6262B2DE100B0126D /* Release */ = {
			isa = XCBuildConfiguration;
			buildSettings = {
				ALWAYS_SEARCH_USER_PATHS = NO;
				CLANG_ANALYZER_NONNULL = YES;
				CLANG_ANALYZER_NUMBER_OBJECT_CONVERSION = YES_AGGRESSIVE;
				CLANG_CXX_LANGUAGE_STANDARD = "gnu++14";
				CLANG_CXX_LIBRARY = "libc++";
				CLANG_ENABLE_MODULES = YES;
				CLANG_ENABLE_OBJC_ARC = YES;
				CLANG_ENABLE_OBJC_WEAK = YES;
				CLANG_WARN_BLOCK_CAPTURE_AUTORELEASING = YES;
				CLANG_WARN_BOOL_CONVERSION = YES;
				CLANG_WARN_COMMA = YES;
				CLANG_WARN_CONSTANT_CONVERSION = YES;
				CLANG_WARN_DEPRECATED_OBJC_IMPLEMENTATIONS = YES;
				CLANG_WARN_DIRECT_OBJC_ISA_USAGE = YES_ERROR;
				CLANG_WARN_DOCUMENTATION_COMMENTS = YES;
				CLANG_WARN_EMPTY_BODY = YES;
				CLANG_WARN_ENUM_CONVERSION = YES;
				CLANG_WARN_INFINITE_RECURSION = YES;
				CLANG_WARN_INT_CONVERSION = YES;
				CLANG_WARN_NON_LITERAL_NULL_CONVERSION = YES;
				CLANG_WARN_OBJC_IMPLICIT_RETAIN_SELF = YES;
				CLANG_WARN_OBJC_LITERAL_CONVERSION = YES;
				CLANG_WARN_OBJC_ROOT_CLASS = YES_ERROR;
				CLANG_WARN_QUOTED_INCLUDE_IN_FRAMEWORK_HEADER = YES;
				CLANG_WARN_RANGE_LOOP_ANALYSIS = YES;
				CLANG_WARN_STRICT_PROTOTYPES = YES;
				CLANG_WARN_SUSPICIOUS_MOVE = YES;
				CLANG_WARN_UNGUARDED_AVAILABILITY = YES_AGGRESSIVE;
				CLANG_WARN_UNREACHABLE_CODE = YES;
				CLANG_WARN__DUPLICATE_METHOD_MATCH = YES;
				COPY_PHASE_STRIP = NO;
				DEBUG_INFORMATION_FORMAT = "dwarf-with-dsym";
				ENABLE_NS_ASSERTIONS = NO;
				ENABLE_STRICT_OBJC_MSGSEND = YES;
				GCC_C_LANGUAGE_STANDARD = gnu11;
				GCC_NO_COMMON_BLOCKS = YES;
				GCC_WARN_64_TO_32_BIT_CONVERSION = YES;
				GCC_WARN_ABOUT_RETURN_TYPE = YES_ERROR;
				GCC_WARN_UNDECLARED_SELECTOR = YES;
				GCC_WARN_UNINITIALIZED_AUTOS = YES_AGGRESSIVE;
				GCC_WARN_UNUSED_FUNCTION = YES;
				GCC_WARN_UNUSED_VARIABLE = YES;
				IPHONEOS_DEPLOYMENT_TARGET = 14.5;
				MTL_ENABLE_DEBUG_INFO = NO;
				MTL_FAST_MATH = YES;
				SDKROOT = iphoneos;
				SWIFT_COMPILATION_MODE = wholemodule;
				SWIFT_OPTIMIZATION_LEVEL = "-O";
				VALIDATE_PRODUCT = YES;
			};
			name = Release;
		};
		04A4F6C8262B2DE100B0126D /* Debug */ = {
			isa = XCBuildConfiguration;
			buildSettings = {
				ASSETCATALOG_COMPILER_APPICON_NAME = AppIcon;
				ASSETCATALOG_COMPILER_GLOBAL_ACCENT_COLOR_NAME = AccentColor;
				CODE_SIGN_STYLE = Automatic;
				DEVELOPMENT_ASSET_PATHS = "\"Trake/Preview Content\"";
				ENABLE_PREVIEWS = YES;
				INFOPLIST_FILE = Trake/Info.plist;
				IPHONEOS_DEPLOYMENT_TARGET = 14.0;
				LD_RUNPATH_SEARCH_PATHS = (
					"$(inherited)",
					"@executable_path/Frameworks",
				);
				PRODUCT_BUNDLE_IDENTIFIER = BMR.Trake;
				PRODUCT_NAME = "$(TARGET_NAME)";
				SWIFT_VERSION = 5.0;
				TARGETED_DEVICE_FAMILY = "1,2";
			};
			name = Debug;
		};
		04A4F6C9262B2DE100B0126D /* Release */ = {
			isa = XCBuildConfiguration;
			buildSettings = {
				ASSETCATALOG_COMPILER_APPICON_NAME = AppIcon;
				ASSETCATALOG_COMPILER_GLOBAL_ACCENT_COLOR_NAME = AccentColor;
				CODE_SIGN_STYLE = Automatic;
				DEVELOPMENT_ASSET_PATHS = "\"Trake/Preview Content\"";
				ENABLE_PREVIEWS = YES;
				INFOPLIST_FILE = Trake/Info.plist;
				IPHONEOS_DEPLOYMENT_TARGET = 14.0;
				LD_RUNPATH_SEARCH_PATHS = (
					"$(inherited)",
					"@executable_path/Frameworks",
				);
				PRODUCT_BUNDLE_IDENTIFIER = BMR.Trake;
				PRODUCT_NAME = "$(TARGET_NAME)";
				SWIFT_VERSION = 5.0;
				TARGETED_DEVICE_FAMILY = "1,2";
			};
			name = Release;
		};
		04A4F6CB262B2DE100B0126D /* Debug */ = {
			isa = XCBuildConfiguration;
			buildSettings = {
				ALWAYS_EMBED_SWIFT_STANDARD_LIBRARIES = YES;
				BUNDLE_LOADER = "$(TEST_HOST)";
				CODE_SIGN_STYLE = Automatic;
				INFOPLIST_FILE = TrakeTests/Info.plist;
				IPHONEOS_DEPLOYMENT_TARGET = 14.0;
				LD_RUNPATH_SEARCH_PATHS = (
					"$(inherited)",
					"@executable_path/Frameworks",
					"@loader_path/Frameworks",
				);
				PRODUCT_BUNDLE_IDENTIFIER = BMR.TrakeTests;
				PRODUCT_NAME = "$(TARGET_NAME)";
				SWIFT_VERSION = 5.0;
				TARGETED_DEVICE_FAMILY = "1,2";
				TEST_HOST = "$(BUILT_PRODUCTS_DIR)/Trake.app/Trake";
			};
			name = Debug;
		};
		04A4F6CC262B2DE100B0126D /* Release */ = {
			isa = XCBuildConfiguration;
			buildSettings = {
				ALWAYS_EMBED_SWIFT_STANDARD_LIBRARIES = YES;
				BUNDLE_LOADER = "$(TEST_HOST)";
				CODE_SIGN_STYLE = Automatic;
				INFOPLIST_FILE = TrakeTests/Info.plist;
				IPHONEOS_DEPLOYMENT_TARGET = 14.0;
				LD_RUNPATH_SEARCH_PATHS = (
					"$(inherited)",
					"@executable_path/Frameworks",
					"@loader_path/Frameworks",
				);
				PRODUCT_BUNDLE_IDENTIFIER = BMR.TrakeTests;
				PRODUCT_NAME = "$(TARGET_NAME)";
				SWIFT_VERSION = 5.0;
				TARGETED_DEVICE_FAMILY = "1,2";
				TEST_HOST = "$(BUILT_PRODUCTS_DIR)/Trake.app/Trake";
			};
			name = Release;
		};
		04A4F6CE262B2DE100B0126D /* Debug */ = {
			isa = XCBuildConfiguration;
			buildSettings = {
				ALWAYS_EMBED_SWIFT_STANDARD_LIBRARIES = YES;
				CODE_SIGN_STYLE = Automatic;
				INFOPLIST_FILE = TrakeUITests/Info.plist;
				LD_RUNPATH_SEARCH_PATHS = (
					"$(inherited)",
					"@executable_path/Frameworks",
					"@loader_path/Frameworks",
				);
				PRODUCT_BUNDLE_IDENTIFIER = BMR.TrakeUITests;
				PRODUCT_NAME = "$(TARGET_NAME)";
				SWIFT_VERSION = 5.0;
				TARGETED_DEVICE_FAMILY = "1,2";
				TEST_TARGET_NAME = Trake;
			};
			name = Debug;
		};
		04A4F6CF262B2DE100B0126D /* Release */ = {
			isa = XCBuildConfiguration;
			buildSettings = {
				ALWAYS_EMBED_SWIFT_STANDARD_LIBRARIES = YES;
				CODE_SIGN_STYLE = Automatic;
				INFOPLIST_FILE = TrakeUITests/Info.plist;
				LD_RUNPATH_SEARCH_PATHS = (
					"$(inherited)",
					"@executable_path/Frameworks",
					"@loader_path/Frameworks",
				);
				PRODUCT_BUNDLE_IDENTIFIER = BMR.TrakeUITests;
				PRODUCT_NAME = "$(TARGET_NAME)";
				SWIFT_VERSION = 5.0;
				TARGETED_DEVICE_FAMILY = "1,2";
				TEST_TARGET_NAME = Trake;
			};
			name = Release;
		};
/* End XCBuildConfiguration section */

/* Begin XCConfigurationList section */
		04A4F69D262B2DDF00B0126D /* Build configuration list for PBXProject "Trake" */ = {
			isa = XCConfigurationList;
			buildConfigurations = (
				04A4F6C5262B2DE100B0126D /* Debug */,
				04A4F6C6262B2DE100B0126D /* Release */,
			);
			defaultConfigurationIsVisible = 0;
			defaultConfigurationName = Release;
		};
		04A4F6C7262B2DE100B0126D /* Build configuration list for PBXNativeTarget "Trake" */ = {
			isa = XCConfigurationList;
			buildConfigurations = (
				04A4F6C8262B2DE100B0126D /* Debug */,
				04A4F6C9262B2DE100B0126D /* Release */,
			);
			defaultConfigurationIsVisible = 0;
			defaultConfigurationName = Release;
		};
		04A4F6CA262B2DE100B0126D /* Build configuration list for PBXNativeTarget "TrakeTests" */ = {
			isa = XCConfigurationList;
			buildConfigurations = (
				04A4F6CB262B2DE100B0126D /* Debug */,
				04A4F6CC262B2DE100B0126D /* Release */,
			);
			defaultConfigurationIsVisible = 0;
			defaultConfigurationName = Release;
		};
		04A4F6CD262B2DE100B0126D /* Build configuration list for PBXNativeTarget "TrakeUITests" */ = {
			isa = XCConfigurationList;
			buildConfigurations = (
				04A4F6CE262B2DE100B0126D /* Debug */,
				04A4F6CF262B2DE100B0126D /* Release */,
			);
			defaultConfigurationIsVisible = 0;
			defaultConfigurationName = Release;
		};
/* End XCConfigurationList section */
	};
	rootObject = 04A4F69A262B2DDF00B0126D /* Project object */;
}
